
Microsoft Visual Studio Solution File, Format Version 12.00
# Visual Studio Version 16
VisualStudioVersion = 16.0.29009.5
MinimumVisualStudioVersion = 10.0.40219.1
Project("{FAE04EC0-301F-11D3-BF4B-00C04F79EFBC}") = "Ededi-orta", "test\Ededi-orta.csproj", "{B79AFD59-E5F9-43E2-BF7F-2CACED6E258C}"
EndProject
Global
	GlobalSection(SolutionConfigurationPlatforms) = preSolution
		Debug|Any CPU = Debug|Any CPU
		Release|Any CPU = Release|Any CPU
	EndGlobalSection
	GlobalSection(ProjectConfigurationPlatforms) = postSolution
		{B79AFD59-E5F9-43E2-BF7F-2CACED6E258C}.Debug|Any CPU.ActiveCfg = Debug|Any CPU
		{B79AFD59-E5F9-43E2-BF7F-2CACED6E258C}.Debug|Any CPU.Build.0 = Debug|Any CPU
		{B79AFD59-E5F9-43E2-BF7F-2CACED6E258C}.Release|Any CPU.ActiveCfg = Release|Any CPU
		{B79AFD59-E5F9-43E2-BF7F-2CACED6E258C}.Release|Any CPU.Build.0 = Release|Any CPU
	EndGlobalSection
	GlobalSection(SolutionProperties) = preSolution
		HideSolutionNode = FALSE
	EndGlobalSection
	GlobalSection(ExtensibilityGlobals) = postSolution
		SolutionGuid = {9E4E3479-9BDD-4269-9ADD-E792BC2FC831}
	EndGlobalSection
EndGlobal
